
Microsoft Visual Studio Solution File, Format Version 12.00
# Visual Studio 14
VisualStudioVersion = 14.0.22512.0
MinimumVisualStudioVersion = 10.0.40219.1
Project("{FAE04EC0-301F-11D3-BF4B-00C04F79EFBC}") = "Diablo.MvcWebApp", "Diablo.MvcWebApp\Diablo.MvcWebApp.csproj", "{B4981EDB-6319-40DA-8A2E-B94184EDCF34}"
EndProject
Project("{FAE04EC0-301F-11D3-BF4B-00C04F79EFBC}") = "Diablo.DataAccessLayer", "Diablo.DataAccessLayer\Diablo.DataAccessLayer.csproj", "{9E88034E-B0D1-4328-81C1-FA62FC3C941D}"
EndProject
Global
	GlobalSection(SolutionConfigurationPlatforms) = preSolution
		Debug|Any CPU = Debug|Any CPU
		Release|Any CPU = Release|Any CPU
	EndGlobalSection
	GlobalSection(ProjectConfigurationPlatforms) = postSolution
		{B4981EDB-6319-40DA-8A2E-B94184EDCF34}.Debug|Any CPU.ActiveCfg = Debug|Any CPU
		{B4981EDB-6319-40DA-8A2E-B94184EDCF34}.Debug|Any CPU.Build.0 = Debug|Any CPU
		{B4981EDB-6319-40DA-8A2E-B94184EDCF34}.Release|Any CPU.ActiveCfg = Release|Any CPU
		{B4981EDB-6319-40DA-8A2E-B94184EDCF34}.Release|Any CPU.Build.0 = Release|Any CPU
		{9E88034E-B0D1-4328-81C1-FA62FC3C941D}.Debug|Any CPU.ActiveCfg = Debug|Any CPU
		{9E88034E-B0D1-4328-81C1-FA62FC3C941D}.Debug|Any CPU.Build.0 = Debug|Any CPU
		{9E88034E-B0D1-4328-81C1-FA62FC3C941D}.Release|Any CPU.ActiveCfg = Release|Any CPU
		{9E88034E-B0D1-4328-81C1-FA62FC3C941D}.Release|Any CPU.Build.0 = Release|Any CPU
	EndGlobalSection
	GlobalSection(SolutionProperties) = preSolution
		HideSolutionNode = FALSE
	EndGlobalSection
EndGlobal
