
Microsoft Visual Studio Solution File, Format Version 12.00
# Visual Studio 14
VisualStudioVersion = 14.0.22512.0
MinimumVisualStudioVersion = 10.0.40219.1
Project("{FAE04EC0-301F-11D3-BF4B-00C04F79EFBC}") = "MyTestClassLibrary", "MyTestClassLibrary\MyTestClassLibrary.csproj", "{128F710E-A698-4F4D-8D00-24A69A0C1779}"
EndProject
Project("{FAE04EC0-301F-11D3-BF4B-00C04F79EFBC}") = "UnitTestProject", "UnitTestProject\UnitTestProject.csproj", "{CEFC17AC-71FA-490A-8650-4519DAE918A1}"
EndProject
Global
	GlobalSection(SolutionConfigurationPlatforms) = preSolution
		Debug|Any CPU = Debug|Any CPU
		Release|Any CPU = Release|Any CPU
	EndGlobalSection
	GlobalSection(ProjectConfigurationPlatforms) = postSolution
		{128F710E-A698-4F4D-8D00-24A69A0C1779}.Debug|Any CPU.ActiveCfg = Debug|Any CPU
		{128F710E-A698-4F4D-8D00-24A69A0C1779}.Debug|Any CPU.Build.0 = Debug|Any CPU
		{128F710E-A698-4F4D-8D00-24A69A0C1779}.Release|Any CPU.ActiveCfg = Release|Any CPU
		{128F710E-A698-4F4D-8D00-24A69A0C1779}.Release|Any CPU.Build.0 = Release|Any CPU
		{CEFC17AC-71FA-490A-8650-4519DAE918A1}.Debug|Any CPU.ActiveCfg = Debug|Any CPU
		{CEFC17AC-71FA-490A-8650-4519DAE918A1}.Debug|Any CPU.Build.0 = Debug|Any CPU
		{CEFC17AC-71FA-490A-8650-4519DAE918A1}.Release|Any CPU.ActiveCfg = Release|Any CPU
		{CEFC17AC-71FA-490A-8650-4519DAE918A1}.Release|Any CPU.Build.0 = Release|Any CPU
	EndGlobalSection
	GlobalSection(SolutionProperties) = preSolution
		HideSolutionNode = FALSE
	EndGlobalSection
EndGlobal
