
Microsoft Visual Studio Solution File, Format Version 12.00
# Visual Studio Version 16
VisualStudioVersion = 16.0.29409.12
MinimumVisualStudioVersion = 10.0.40219.1
Project("{FAE04EC0-301F-11D3-BF4B-00C04F79EFBC}") = "XUnitExample.Code", "XUnitExample.Code\XUnitExample.Code\XUnitExample.Code.csproj", "{28182D9E-79C6-41CF-94FE-70FF190D38DA}"
EndProject
Project("{FAE04EC0-301F-11D3-BF4B-00C04F79EFBC}") = "XUnitExample.UnitTest", "XUnitExample.UnitTest\XUnitExample.UnitTest.csproj", "{678D122E-A549-4D1B-A4C0-125B53CAB862}"
EndProject
Project("{2150E333-8FDC-42A3-9474-1A3956D46DE8}") = ".nuget", ".nuget", "{CAC62100-252F-47CF-8924-40E2E5036EA4}"
EndProject
Global
	GlobalSection(SolutionConfigurationPlatforms) = preSolution
		Debug|Any CPU = Debug|Any CPU
		Release|Any CPU = Release|Any CPU
	EndGlobalSection
	GlobalSection(ProjectConfigurationPlatforms) = postSolution
		{28182D9E-79C6-41CF-94FE-70FF190D38DA}.Debug|Any CPU.ActiveCfg = Debug|Any CPU
		{28182D9E-79C6-41CF-94FE-70FF190D38DA}.Debug|Any CPU.Build.0 = Debug|Any CPU
		{28182D9E-79C6-41CF-94FE-70FF190D38DA}.Release|Any CPU.ActiveCfg = Release|Any CPU
		{28182D9E-79C6-41CF-94FE-70FF190D38DA}.Release|Any CPU.Build.0 = Release|Any CPU
		{678D122E-A549-4D1B-A4C0-125B53CAB862}.Debug|Any CPU.ActiveCfg = Debug|Any CPU
		{678D122E-A549-4D1B-A4C0-125B53CAB862}.Debug|Any CPU.Build.0 = Debug|Any CPU
		{678D122E-A549-4D1B-A4C0-125B53CAB862}.Release|Any CPU.ActiveCfg = Release|Any CPU
		{678D122E-A549-4D1B-A4C0-125B53CAB862}.Release|Any CPU.Build.0 = Release|Any CPU
	EndGlobalSection
	GlobalSection(SolutionProperties) = preSolution
		HideSolutionNode = FALSE
	EndGlobalSection
	GlobalSection(ExtensibilityGlobals) = postSolution
		SolutionGuid = {D56053DE-A32A-4A9F-AB2E-26122E20489A}
	EndGlobalSection
EndGlobal
