
Microsoft Visual Studio Solution File, Format Version 12.00
# Visual Studio 14
VisualStudioVersion = 14.0.22512.0
MinimumVisualStudioVersion = 10.0.40219.1
Project("{FAE04EC0-301F-11D3-BF4B-00C04F79EFBC}") = "TestDrivenDevelopment.UnitTests", "TestDrivenDevelopment.UnitTests\TestDrivenDevelopment.UnitTests.csproj", "{332A3C97-C621-4A3D-96CD-0D1D13B97FC8}"
EndProject
Project("{FAE04EC0-301F-11D3-BF4B-00C04F79EFBC}") = "TestDrivenDevelopment.Code", "TestDriveDevelopment.Code\TestDrivenDevelopment.Code.csproj", "{7BB1E6E7-B1B4-40CC-8F1E-AF4B22F2B269}"
EndProject
Global
	GlobalSection(SolutionConfigurationPlatforms) = preSolution
		Debug|Any CPU = Debug|Any CPU
		Release|Any CPU = Release|Any CPU
	EndGlobalSection
	GlobalSection(ProjectConfigurationPlatforms) = postSolution
		{332A3C97-C621-4A3D-96CD-0D1D13B97FC8}.Debug|Any CPU.ActiveCfg = Debug|Any CPU
		{332A3C97-C621-4A3D-96CD-0D1D13B97FC8}.Debug|Any CPU.Build.0 = Debug|Any CPU
		{332A3C97-C621-4A3D-96CD-0D1D13B97FC8}.Release|Any CPU.ActiveCfg = Release|Any CPU
		{332A3C97-C621-4A3D-96CD-0D1D13B97FC8}.Release|Any CPU.Build.0 = Release|Any CPU
		{7BB1E6E7-B1B4-40CC-8F1E-AF4B22F2B269}.Debug|Any CPU.ActiveCfg = Debug|Any CPU
		{7BB1E6E7-B1B4-40CC-8F1E-AF4B22F2B269}.Debug|Any CPU.Build.0 = Debug|Any CPU
		{7BB1E6E7-B1B4-40CC-8F1E-AF4B22F2B269}.Release|Any CPU.ActiveCfg = Release|Any CPU
		{7BB1E6E7-B1B4-40CC-8F1E-AF4B22F2B269}.Release|Any CPU.Build.0 = Release|Any CPU
	EndGlobalSection
	GlobalSection(SolutionProperties) = preSolution
		HideSolutionNode = FALSE
	EndGlobalSection
EndGlobal
