
Microsoft Visual Studio Solution File, Format Version 12.00
# Visual Studio 14
VisualStudioVersion = 14.0.22512.0
MinimumVisualStudioVersion = 10.0.40219.1
Project("{FAE04EC0-301F-11D3-BF4B-00C04F79EFBC}") = "SampleWebFormApplication", "SampleWebFormApplication\SampleWebFormApplication.csproj", "{ED208AC1-37BB-4796-810F-D6491A6D261A}"
EndProject
Project("{FAE04EC0-301F-11D3-BF4B-00C04F79EFBC}") = "SampleWebFormApplication.UnitTests", "SampleWebFormApplication.UnitTests\SampleWebFormApplication.UnitTests.csproj", "{D7328A17-FB03-47C3-8A53-F90023D01B7F}"
EndProject
Project("{2150E333-8FDC-42A3-9474-1A3956D46DE8}") = ".nuget", ".nuget", "{AD0BE9FC-37F9-490B-8562-E7380D7D387E}"
	ProjectSection(SolutionItems) = preProject
		.nuget\packages.config = .nuget\packages.config
	EndProjectSection
EndProject
Global
	GlobalSection(SolutionConfigurationPlatforms) = preSolution
		Debug|Any CPU = Debug|Any CPU
		Release|Any CPU = Release|Any CPU
	EndGlobalSection
	GlobalSection(ProjectConfigurationPlatforms) = postSolution
		{ED208AC1-37BB-4796-810F-D6491A6D261A}.Debug|Any CPU.ActiveCfg = Debug|Any CPU
		{ED208AC1-37BB-4796-810F-D6491A6D261A}.Debug|Any CPU.Build.0 = Debug|Any CPU
		{ED208AC1-37BB-4796-810F-D6491A6D261A}.Release|Any CPU.ActiveCfg = Release|Any CPU
		{ED208AC1-37BB-4796-810F-D6491A6D261A}.Release|Any CPU.Build.0 = Release|Any CPU
		{D7328A17-FB03-47C3-8A53-F90023D01B7F}.Debug|Any CPU.ActiveCfg = Debug|Any CPU
		{D7328A17-FB03-47C3-8A53-F90023D01B7F}.Debug|Any CPU.Build.0 = Debug|Any CPU
		{D7328A17-FB03-47C3-8A53-F90023D01B7F}.Release|Any CPU.ActiveCfg = Release|Any CPU
		{D7328A17-FB03-47C3-8A53-F90023D01B7F}.Release|Any CPU.Build.0 = Release|Any CPU
	EndGlobalSection
	GlobalSection(SolutionProperties) = preSolution
		HideSolutionNode = FALSE
	EndGlobalSection
EndGlobal
